
Microsoft Visual Studio Solution File, Format Version 12.00
# Visual Studio Version 17
VisualStudioVersion = 17.8.34511.84
MinimumVisualStudioVersion = 10.0.40219.1
Project("{FAE04EC0-301F-11D3-BF4B-00C04F79EFBC}") = "WebAnhAnh", "WebAnhAnh\WebAnhAnh.csproj", "{89A9A0B7-9A45-40EA-B16B-746C399CFB17}"
EndProject
Global
	GlobalSection(SolutionConfigurationPlatforms) = preSolution
		Debug|Any CPU = Debug|Any CPU
		Release|Any CPU = Release|Any CPU
	EndGlobalSection
	GlobalSection(ProjectConfigurationPlatforms) = postSolution
		{89A9A0B7-9A45-40EA-B16B-746C399CFB17}.Debug|Any CPU.ActiveCfg = Debug|Any CPU
		{89A9A0B7-9A45-40EA-B16B-746C399CFB17}.Debug|Any CPU.Build.0 = Debug|Any CPU
		{89A9A0B7-9A45-40EA-B16B-746C399CFB17}.Release|Any CPU.ActiveCfg = Release|Any CPU
		{89A9A0B7-9A45-40EA-B16B-746C399CFB17}.Release|Any CPU.Build.0 = Release|Any CPU
	EndGlobalSection
	GlobalSection(SolutionProperties) = preSolution
		HideSolutionNode = FALSE
	EndGlobalSection
	GlobalSection(ExtensibilityGlobals) = postSolution
		SolutionGuid = {73D60930-DBDD-4B98-BFC0-A5C94C812673}
	EndGlobalSection
EndGlobal
